
Microsoft Visual Studio Solution File, Format Version 12.00
# Visual Studio Version 17
VisualStudioVersion = 17.8.34330.188
MinimumVisualStudioVersion = 10.0.40219.1
Project("{8BC9CEB8-8B4A-11D0-8D11-00A0C91BC942}") = "Project_Final", "Project_Final\Project_Final.vcxproj", "{74E806E9-258D-497C-A117-949AAA7B62C4}"
EndProject
Global
	GlobalSection(SolutionConfigurationPlatforms) = preSolution
		Debug|x64 = Debug|x64
		Debug|x86 = Debug|x86
		Release|x64 = Release|x64
		Release|x86 = Release|x86
	EndGlobalSection
	GlobalSection(ProjectConfigurationPlatforms) = postSolution
		{74E806E9-258D-497C-A117-949AAA7B62C4}.Debug|x64.ActiveCfg = Debug|x64
		{74E806E9-258D-497C-A117-949AAA7B62C4}.Debug|x64.Build.0 = Debug|x64
		{74E806E9-258D-497C-A117-949AAA7B62C4}.Debug|x86.ActiveCfg = Debug|Win32
		{74E806E9-258D-497C-A117-949AAA7B62C4}.Debug|x86.Build.0 = Debug|Win32
		{74E806E9-258D-497C-A117-949AAA7B62C4}.Release|x64.ActiveCfg = Release|x64
		{74E806E9-258D-497C-A117-949AAA7B62C4}.Release|x64.Build.0 = Release|x64
		{74E806E9-258D-497C-A117-949AAA7B62C4}.Release|x86.ActiveCfg = Release|Win32
		{74E806E9-258D-497C-A117-949AAA7B62C4}.Release|x86.Build.0 = Release|Win32
	EndGlobalSection
	GlobalSection(SolutionProperties) = preSolution
		HideSolutionNode = FALSE
	EndGlobalSection
	GlobalSection(ExtensibilityGlobals) = postSolution
		SolutionGuid = {E48C0642-7726-46EA-AE89-9FF9AA0BEDA0}
	EndGlobalSection
EndGlobal
